
Microsoft Visual Studio Solution File, Format Version 12.00
# Visual Studio Version 16
VisualStudioVersion = 16.0.30717.126
MinimumVisualStudioVersion = 10.0.40219.1
Project("{9A19103F-16F7-4668-BE54-9A1E7A4F7556}") = "TopLearn.Web", "TopLearn.Web\TopLearn.Web.csproj", "{5ED83A32-22F5-4AF6-8560-1FA22E14E1E0}"
EndProject
Project("{9A19103F-16F7-4668-BE54-9A1E7A4F7556}") = "TopLearn.core", "TopLearn.core\TopLearn.core.csproj", "{A2067182-1E92-4675-944D-D0332824750E}"
EndProject
Project("{9A19103F-16F7-4668-BE54-9A1E7A4F7556}") = "TopLearn.Datalayar", "TopLearn.Datalayar\TopLearn.Datalayar.csproj", "{26BB43D7-B380-4DEA-AE18-154205470B87}"
EndProject
Global
	GlobalSection(SolutionConfigurationPlatforms) = preSolution
		Debug|Any CPU = Debug|Any CPU
		Release|Any CPU = Release|Any CPU
	EndGlobalSection
	GlobalSection(ProjectConfigurationPlatforms) = postSolution
		{5ED83A32-22F5-4AF6-8560-1FA22E14E1E0}.Debug|Any CPU.ActiveCfg = Debug|Any CPU
		{5ED83A32-22F5-4AF6-8560-1FA22E14E1E0}.Debug|Any CPU.Build.0 = Debug|Any CPU
		{5ED83A32-22F5-4AF6-8560-1FA22E14E1E0}.Release|Any CPU.ActiveCfg = Release|Any CPU
		{5ED83A32-22F5-4AF6-8560-1FA22E14E1E0}.Release|Any CPU.Build.0 = Release|Any CPU
		{A2067182-1E92-4675-944D-D0332824750E}.Debug|Any CPU.ActiveCfg = Debug|Any CPU
		{A2067182-1E92-4675-944D-D0332824750E}.Debug|Any CPU.Build.0 = Debug|Any CPU
		{A2067182-1E92-4675-944D-D0332824750E}.Release|Any CPU.ActiveCfg = Release|Any CPU
		{A2067182-1E92-4675-944D-D0332824750E}.Release|Any CPU.Build.0 = Release|Any CPU
		{26BB43D7-B380-4DEA-AE18-154205470B87}.Debug|Any CPU.ActiveCfg = Debug|Any CPU
		{26BB43D7-B380-4DEA-AE18-154205470B87}.Debug|Any CPU.Build.0 = Debug|Any CPU
		{26BB43D7-B380-4DEA-AE18-154205470B87}.Release|Any CPU.ActiveCfg = Release|Any CPU
		{26BB43D7-B380-4DEA-AE18-154205470B87}.Release|Any CPU.Build.0 = Release|Any CPU
	EndGlobalSection
	GlobalSection(SolutionProperties) = preSolution
		HideSolutionNode = FALSE
	EndGlobalSection
	GlobalSection(ExtensibilityGlobals) = postSolution
		SolutionGuid = {64C60D15-C2C5-4D3A-B9D3-23C0F0793B4C}
	EndGlobalSection
EndGlobal
